
Microsoft Visual Studio Solution File, Format Version 12.00
# Visual Studio 15
Project("{FAE04EC0-301F-11D3-BF4B-00C04F79EFBC}") = "Assembly-CSharp", "Assembly-CSharp.csproj", "{C94D2D87-ECFB-86EB-1112-5DA303BBA8BD}"
EndProject
Project("{FAE04EC0-301F-11D3-BF4B-00C04F79EFBC}") = "Assembly-CSharp-firstpass", "Assembly-CSharp-firstpass.csproj", "{4A525947-EC01-73D4-13EB-6ADCEAFE7BBF}"
EndProject
Project("{FAE04EC0-301F-11D3-BF4B-00C04F79EFBC}") = "Assembly-CSharp-Editor", "Assembly-CSharp-Editor.csproj", "{08FE63BB-97D3-BF23-C799-6A7655E07D06}"
EndProject
Global
	GlobalSection(SolutionConfigurationPlatforms) = preSolution
		Debug|Any CPU = Debug|Any CPU
		Release|Any CPU = Release|Any CPU
	EndGlobalSection
	GlobalSection(ProjectConfigurationPlatforms) = postSolution
		{C94D2D87-ECFB-86EB-1112-5DA303BBA8BD}.Debug|Any CPU.ActiveCfg = Debug|Any CPU
		{C94D2D87-ECFB-86EB-1112-5DA303BBA8BD}.Debug|Any CPU.Build.0 = Debug|Any CPU
		{C94D2D87-ECFB-86EB-1112-5DA303BBA8BD}.Release|Any CPU.ActiveCfg = Release|Any CPU
		{C94D2D87-ECFB-86EB-1112-5DA303BBA8BD}.Release|Any CPU.Build.0 = Release|Any CPU
		{4A525947-EC01-73D4-13EB-6ADCEAFE7BBF}.Debug|Any CPU.ActiveCfg = Debug|Any CPU
		{4A525947-EC01-73D4-13EB-6ADCEAFE7BBF}.Debug|Any CPU.Build.0 = Debug|Any CPU
		{4A525947-EC01-73D4-13EB-6ADCEAFE7BBF}.Release|Any CPU.ActiveCfg = Release|Any CPU
		{4A525947-EC01-73D4-13EB-6ADCEAFE7BBF}.Release|Any CPU.Build.0 = Release|Any CPU
		{08FE63BB-97D3-BF23-C799-6A7655E07D06}.Debug|Any CPU.ActiveCfg = Debug|Any CPU
		{08FE63BB-97D3-BF23-C799-6A7655E07D06}.Debug|Any CPU.Build.0 = Debug|Any CPU
		{08FE63BB-97D3-BF23-C799-6A7655E07D06}.Release|Any CPU.ActiveCfg = Release|Any CPU
		{08FE63BB-97D3-BF23-C799-6A7655E07D06}.Release|Any CPU.Build.0 = Release|Any CPU
	EndGlobalSection
	GlobalSection(SolutionProperties) = preSolution
		HideSolutionNode = FALSE
	EndGlobalSection
EndGlobal
